
Microsoft Visual Studio Solution File, Format Version 12.00
# Visual Studio 2012
Project("{F184B08F-C81C-45F6-A57F-5ABD9991F28F}") = "dxExample", "dxExample\dxExample.vbproj", "{96BA5DA1-5126-4313-89D0-9FB13B038B81}"
EndProject
Project("{F184B08F-C81C-45F6-A57F-5ABD9991F28F}") = "dxExample.Web", "dxExample.Web\dxExample.Web.vbproj", "{160DF2BD-54CA-4A06-AD7C-CAFDACE4268B}"
EndProject
Global
	GlobalSection(SolutionConfigurationPlatforms) = preSolution
		Debug|Any CPU = Debug|Any CPU
		Release|Any CPU = Release|Any CPU
	EndGlobalSection
	GlobalSection(ProjectConfigurationPlatforms) = postSolution
		{96BA5DA1-5126-4313-89D0-9FB13B038B81}.Debug|Any CPU.ActiveCfg = Debug|Any CPU
		{96BA5DA1-5126-4313-89D0-9FB13B038B81}.Debug|Any CPU.Build.0 = Debug|Any CPU
		{96BA5DA1-5126-4313-89D0-9FB13B038B81}.Release|Any CPU.ActiveCfg = Release|Any CPU
		{96BA5DA1-5126-4313-89D0-9FB13B038B81}.Release|Any CPU.Build.0 = Release|Any CPU
		{160DF2BD-54CA-4A06-AD7C-CAFDACE4268B}.Debug|Any CPU.ActiveCfg = Debug|Any CPU
		{160DF2BD-54CA-4A06-AD7C-CAFDACE4268B}.Debug|Any CPU.Build.0 = Debug|Any CPU
		{160DF2BD-54CA-4A06-AD7C-CAFDACE4268B}.Release|Any CPU.ActiveCfg = Release|Any CPU
		{160DF2BD-54CA-4A06-AD7C-CAFDACE4268B}.Release|Any CPU.Build.0 = Release|Any CPU
	EndGlobalSection
	GlobalSection(SolutionProperties) = preSolution
		HideSolutionNode = FALSE
	EndGlobalSection
EndGlobal
